
Microsoft Visual Studio Solution File, Format Version 12.00
# Visual Studio Version 17
VisualStudioVersion = 17.14.36511.14 d17.14
MinimumVisualStudioVersion = 10.0.40219.1
Project("{FAE04EC0-301F-11D3-BF4B-00C04F79EFBC}") = "PassFlow Tracker", "PassFlow Tracker\PassFlow Tracker.csproj", "{460A6378-A2A7-40A5-AC41-38D537996475}"
EndProject
Global
	GlobalSection(SolutionConfigurationPlatforms) = preSolution
		Debug|Any CPU = Debug|Any CPU
		Release|Any CPU = Release|Any CPU
	EndGlobalSection
	GlobalSection(ProjectConfigurationPlatforms) = postSolution
		{460A6378-A2A7-40A5-AC41-38D537996475}.Debug|Any CPU.ActiveCfg = Debug|Any CPU
		{460A6378-A2A7-40A5-AC41-38D537996475}.Debug|Any CPU.Build.0 = Debug|Any CPU
		{460A6378-A2A7-40A5-AC41-38D537996475}.Release|Any CPU.ActiveCfg = Release|Any CPU
		{460A6378-A2A7-40A5-AC41-38D537996475}.Release|Any CPU.Build.0 = Release|Any CPU
	EndGlobalSection
	GlobalSection(SolutionProperties) = preSolution
		HideSolutionNode = FALSE
	EndGlobalSection
	GlobalSection(ExtensibilityGlobals) = postSolution
		SolutionGuid = {8FCE781D-2D1F-449B-9295-D3AB119F6B7A}
	EndGlobalSection
EndGlobal
